
Microsoft Visual Studio Solution File, Format Version 12.00
# Visual Studio Version 17
VisualStudioVersion = 17.4.33122.133
MinimumVisualStudioVersion = 10.0.40219.1
Project("{FAE04EC0-301F-11D3-BF4B-00C04F79EFBC}") = "RegistroCivil", "RegistroCivil\RegistroCivil.csproj", "{B0AC8907-0317-45F1-ABB0-0079CF79A081}"
EndProject
Global
	GlobalSection(SolutionConfigurationPlatforms) = preSolution
		Debug|Any CPU = Debug|Any CPU
		Release|Any CPU = Release|Any CPU
	EndGlobalSection
	GlobalSection(ProjectConfigurationPlatforms) = postSolution
		{B0AC8907-0317-45F1-ABB0-0079CF79A081}.Debug|Any CPU.ActiveCfg = Debug|Any CPU
		{B0AC8907-0317-45F1-ABB0-0079CF79A081}.Debug|Any CPU.Build.0 = Debug|Any CPU
		{B0AC8907-0317-45F1-ABB0-0079CF79A081}.Release|Any CPU.ActiveCfg = Release|Any CPU
		{B0AC8907-0317-45F1-ABB0-0079CF79A081}.Release|Any CPU.Build.0 = Release|Any CPU
	EndGlobalSection
	GlobalSection(SolutionProperties) = preSolution
		HideSolutionNode = FALSE
	EndGlobalSection
	GlobalSection(ExtensibilityGlobals) = postSolution
		SolutionGuid = {37011889-6C56-4403-9164-0C1FC16E3EF4}
	EndGlobalSection
EndGlobal
